// !$*UTF8*$!
{
	archiveVersion = 1;
	classes = {
	};
	objectVersion = 48;
	objects = {

/* Begin PBXBuildFile section */
		FCBCFBC11FB90F89008B16CB /* AppDelegate.swift in Sources */ = {isa = PBXBuildFile; fileRef = FCBCFBC01FB90F89008B16CB /* AppDelegate.swift */; };
		FCBCFBC31FB90F89008B16CB /* ViewController.swift in Sources */ = {isa = PBXBuildFile; fileRef = FCBCFBC21FB90F89008B16CB /* ViewController.swift */; };
		FCBCFBC61FB90F89008B16CB /* Main.storyboard in Resources */ = {isa = PBXBuildFile; fileRef = FCBCFBC41FB90F89008B16CB /* Main.storyboard */; };
		FCBCFBC81FB90F89008B16CB /* Assets.xcassets in Resources */ = {isa = PBXBuildFile; fileRef = FCBCFBC71FB90F89008B16CB /* Assets.xcassets */; };
		FCBCFBCB1FB90F89008B16CB /* LaunchScreen.storyboard in Resources */ = {isa = PBXBuildFile; fileRef = FCBCFBC91FB90F89008B16CB /* LaunchScreen.storyboard */; };
/* End PBXBuildFile section */

/* Begin PBXFileReference section */
		FCBCFBBD1FB90F89008B16CB /* i'm RichIOS.app */ = {isa = PBXFileReference; explicitFileType = wrapper.application; includeInIndex = 0; path = "i'm RichIOS.app"; sourceTree = BUILT_PRODUCTS_DIR; };
		FCBCFBC01FB90F89008B16CB /* AppDelegate.swift */ = {isa = PBXFileReference; lastKnownFileType = sourcecode.swift; path = AppDelegate.swift; sourceTree = "<group>"; };
		FCBCFBC21FB90F89008B16CB /* ViewController.swift */ = {isa = PBXFileReference; lastKnownFileType = sourcecode.swift; path = ViewController.swift; sourceTree = "<group>"; };
		FCBCFBC51FB90F89008B16CB /* Base */ = {isa = PBXFileReference; lastKnownFileType = file.storyboard; name = Base; path = Base.lproj/Main.storyboard; sourceTree = "<group>"; };
		FCBCFBC71FB90F89008B16CB /* Assets.xcassets */ = {isa = PBXFileReference; lastKnownFileType = folder.assetcatalog; path = Assets.xcassets; sourceTree = "<group>"; };
		FCBCFBCA1FB90F89008B16CB /* Base */ = {isa = PBXFileReference; lastKnownFileType = file.storyboard; name = Base; path = Base.lproj/LaunchScreen.storyboard; sourceTree = "<group>"; };
		FCBCFBCC1FB90F89008B16CB /* Info.plist */ = {isa = PBXFileReference; lastKnownFileType = text.plist.xml; path = Info.plist; sourceTree = "<group>"; };
/* End PBXFileReference section */

/* Begin PBXFrameworksBuildPhase section */
		FCBCFBBA1FB90F89008B16CB /* Frameworks */ = {
			isa = PBXFrameworksBuildPhase;
			buildActionMask = 2147483647;
			files = (
			);
			runOnlyForDeploymentPostprocessing = 0;
		};
/* End PBXFrameworksBuildPhase section */

/* Begin PBXGroup section */
		FCBCFBB41FB90F89008B16CB = {
			isa = PBXGroup;
			children = (
				FCBCFBBF1FB90F89008B16CB /* i'm RichIOS */,
				FCBCFBBE1FB90F89008B16CB /* Products */,
			);
			sourceTree = "<group>";
		};
		FCBCFBBE1FB90F89008B16CB /* Products */ = {
			isa = PBXGroup;
			children = (
				FCBCFBBD1FB90F89008B16CB /* i'm RichIOS.app */,
			);
			name = Products;
			sourceTree = "<group>";
		};
		FCBCFBBF1FB90F89008B16CB /* i'm RichIOS */ = {
			isa = PBXGroup;
			children = (
				FCBCFBC01FB90F89008B16CB /* AppDelegate.swift */,
				FCBCFBC21FB90F89008B16CB /* ViewController.swift */,
				FCBCFBC41FB90F89008B16CB /* Main.storyboard */,
				FCBCFBC71FB90F89008B16CB /* Assets.xcassets */,
				FCBCFBC91FB90F89008B16CB /* LaunchScreen.storyboard */,
				FCBCFBCC1FB90F89008B16CB /* Info.plist */,
			);
			path = "i'm RichIOS";
			sourceTree = "<group>";
		};
/* End PBXGroup section */

/* Begin PBXNativeTarget section */
		FCBCFBBC1FB90F89008B16CB /* i'm RichIOS */ = {
			isa = PBXNativeTarget;
			buildConfigurationList = FCBCFBCF1FB90F89008B16CB /* Build configuration list for PBXNativeTarget "i'm RichIOS" */;
			buildPhases = (
				FCBCFBB91FB90F89008B16CB /* Sources */,
				FCBCFBBA1FB90F89008B16CB /* Frameworks */,
				FCBCFBBB1FB90F89008B16CB /* Resources */,
			);
			buildRules = (
			);
			dependencies = (
			);
			name = "i'm RichIOS";
			productName = "i'm RichIOS";
			productReference = FCBCFBBD1FB90F89008B16CB /* i'm RichIOS.app */;
			productType = "com.apple.product-type.application";
		};
/* End PBXNativeTarget section */

/* Begin PBXProject section */
		FCBCFBB51FB90F89008B16CB /* Project object */ = {
			isa = PBXProject;
			attributes = {
				LastSwiftUpdateCheck = 0910;
				LastUpgradeCheck = 0910;
				ORGANIZATIONNAME = SebastianT;
				TargetAttributes = {
					FCBCFBBC1FB90F89008B16CB = {
						CreatedOnToolsVersion = 9.1;
						ProvisioningStyle = Automatic;
					};
				};
			};
			buildConfigurationList = FCBCFBB81FB90F89008B16CB /* Build configuration list for PBXProject "i'm RichIOS" */;
			compatibilityVersion = "Xcode 8.0";
			developmentRegion = en;
			hasScannedForEncodings = 0;
			knownRegions = (
				en,
				Base,
			);
			mainGroup = FCBCFBB41FB90F89008B16CB;
			productRefGroup = FCBCFBBE1FB90F89008B16CB /* Products */;
			projectDirPath = "";
			projectRoot = "";
			targets = (
				FCBCFBBC1FB90F89008B16CB /* i'm RichIOS */,
			);
		};
/* End PBXProject section */

/* Begin PBXResourcesBuildPhase section */
		FCBCFBBB1FB90F89008B16CB /* Resources */ = {
			isa = PBXResourcesBuildPhase;
			buildActionMask = 2147483647;
			files = (
				FCBCFBCB1FB90F89008B16CB /* LaunchScreen.storyboard in Resources */,
				FCBCFBC81FB90F89008B16CB /* Assets.xcassets in Resources */,
				FCBCFBC61FB90F89008B16CB /* Main.storyboard in Resources */,
			);
			runOnlyForDeploymentPostprocessing = 0;
		};
/* End PBXResourcesBuildPhase section */

/* Begin PBXSourcesBuildPhase section */
		FCBCFBB91FB90F89008B16CB /* Sources */ = {
			isa = PBXSourcesBuildPhase;
			buildActionMask = 2147483647;
			files = (
				FCBCFBC31FB90F89008B16CB /* ViewController.swift in Sources */,
				FCBCFBC11FB90F89008B16CB /* AppDelegate.swift in Sources */,
			);
			runOnlyForDeploymentPostprocessing = 0;
		};
/* End PBXSourcesBuildPhase section */

/* Begin PBXVariantGroup section */
		FCBCFBC41FB90F89008B16CB /* Main.storyboard */ = {
			isa = PBXVariantGroup;
			children = (
				FCBCFBC51FB90F89008B16CB /* Base */,
			);
			name = Main.storyboard;
			sourceTree = "<group>";
		};
		FCBCFBC91FB90F89008B16CB /* LaunchScreen.storyboard */ = {
			isa = PBXVariantGroup;
			children = (
				FCBCFBCA1FB90F89008B16CB /* Base */,
			);
			name = LaunchScreen.storyboard;
			sourceTree = "<group>";
		};
/* End PBXVariantGroup section */

/* Begin XCBuildConfiguration section */
		FCBCFBCD1FB90F89008B16CB /* Debug */ = {
			isa = XCBuildConfiguration;
			buildSettings = {
				ALWAYS_SEARCH_USER_PATHS = NO;
				CLANG_ANALYZER_NONNULL = YES;
				CLANG_ANALYZER_NUMBER_OBJECT_CONVERSION = YES_AGGRESSIVE;
				CLANG_CXX_LANGUAGE_STANDARD = "gnu++14";
				CLANG_CXX_LIBRARY = "libc++";
				CLANG_ENABLE_MODULES = YES;
				CLANG_ENABLE_OBJC_ARC = YES;
				CLANG_WARN_BLOCK_CAPTURE_AUTORELEASING = YES;
				CLANG_WARN_BOOL_CONVERSION = YES;
				CLANG_WARN_COMMA = YES;
				CLANG_WARN_CONSTANT_CONVERSION = YES;
				CLANG_WARN_DIRECT_OBJC_ISA_USAGE = YES_ERROR;
				CLANG_WARN_DOCUMENTATION_COMMENTS = YES;
				CLANG_WARN_EMPTY_BODY = YES;
				CLANG_WARN_ENUM_CONVERSION = YES;
				CLANG_WARN_INFINITE_RECURSION = YES;
				CLANG_WARN_INT_CONVERSION = YES;
				CLANG_WARN_NON_LITERAL_NULL_CONVERSION = YES;
				CLANG_WARN_OBJC_LITERAL_CONVERSION = YES;
				CLANG_WARN_OBJC_ROOT_CLASS = YES_ERROR;
				CLANG_WARN_RANGE_LOOP_ANALYSIS = YES;
				CLANG_WARN_STRICT_PROTOTYPES = YES;
				CLANG_WARN_SUSPICIOUS_MOVE = YES;
				CLANG_WARN_UNGUARDED_AVAILABILITY = YES_AGGRESSIVE;
				CLANG_WARN_UNREACHABLE_CODE = YES;
				CLANG_WARN__DUPLICATE_METHOD_MATCH = YES;
				CODE_SIGN_IDENTITY = "iPhone Developer";
				COPY_PHASE_STRIP = NO;
				DEBUG_INFORMATION_FORMAT = dwarf;
				ENABLE_STRICT_OBJC_MSGSEND = YES;
				ENABLE_TESTABILITY = YES;
				GCC_C_LANGUAGE_STANDARD = gnu11;
				GCC_DYNAMIC_NO_PIC = NO;
				GCC_NO_COMMON_BLOCKS = YES;
				GCC_OPTIMIZATION_LEVEL = 0;
				GCC_PREPROCESSOR_DEFINITIONS = (
					"DEBUG=1",
					"$(inherited)",
				);
				GCC_WARN_64_TO_32_BIT_CONVERSION = YES;
				GCC_WARN_ABOUT_RETURN_TYPE = YES_ERROR;
				GCC_WARN_UNDECLARED_SELECTOR = YES;
				GCC_WARN_UNINITIALIZED_AUTOS = YES_AGGRESSIVE;
				GCC_WARN_UNUSED_FUNCTION = YES;
				GCC_WARN_UNUSED_VARIABLE = YES;
				IPHONEOS_DEPLOYMENT_TARGET = 11.1;
				MTL_ENABLE_DEBUG_INFO = YES;
				ONLY_ACTIVE_ARCH = YES;
				SDKROOT = iphoneos;
				SWIFT_ACTIVE_COMPILATION_CONDITIONS = DEBUG;
				SWIFT_OPTIMIZATION_LEVEL = "-Onone";
			};
			name = Debug;
		};
		FCBCFBCE1FB90F89008B16CB /* Release */ = {
			isa = XCBuildConfiguration;
			buildSettings = {
				ALWAYS_SEARCH_USER_PATHS = NO;
				CLANG_ANALYZER_NONNULL = YES;
				CLANG_ANALYZER_NUMBER_OBJECT_CONVERSION = YES_AGGRESSIVE;
				CLANG_CXX_LANGUAGE_STANDARD = "gnu++14";
				CLANG_CXX_LIBRARY = "libc++";
				CLANG_ENABLE_MODULES = YES;
				CLANG_ENABLE_OBJC_ARC = YES;
				CLANG_WARN_BLOCK_CAPTURE_AUTORELEASING = YES;
				CLANG_WARN_BOOL_CONVERSION = YES;
				CLANG_WARN_COMMA = YES;
				CLANG_WARN_CONSTANT_CONVERSION = YES;
				CLANG_WARN_DIRECT_OBJC_ISA_USAGE = YES_ERROR;
				CLANG_WARN_DOCUMENTATION_COMMENTS = YES;
				CLANG_WARN_EMPTY_BODY = YES;
				CLANG_WARN_ENUM_CONVERSION = YES;
				CLANG_WARN_INFINITE_RECURSION = YES;
				CLANG_WARN_INT_CONVERSION = YES;
				CLANG_WARN_NON_LITERAL_NULL_CONVERSION = YES;
				CLANG_WARN_OBJC_LITERAL_CONVERSION = YES;
				CLANG_WARN_OBJC_ROOT_CLASS = YES_ERROR;
				CLANG_WARN_RANGE_LOOP_ANALYSIS = YES;
				CLANG_WARN_STRICT_PROTOTYPES = YES;
				CLANG_WARN_SUSPICIOUS_MOVE = YES;
				CLANG_WARN_UNGUARDED_AVAILABILITY = YES_AGGRESSIVE;
				CLANG_WARN_UNREACHABLE_CODE = YES;
				CLANG_WARN__DUPLICATE_METHOD_MATCH = YES;
				CODE_SIGN_IDENTITY = "iPhone Developer";
				COPY_PHASE_STRIP = NO;
				DEBUG_INFORMATION_FORMAT = "dwarf-with-dsym";
				ENABLE_NS_ASSERTIONS = NO;
				ENABLE_STRICT_OBJC_MSGSEND = YES;
				GCC_C_LANGUAGE_STANDARD = gnu11;
				GCC_NO_COMMON_BLOCKS = YES;
				GCC_WARN_64_TO_32_BIT_CONVERSION = YES;
				GCC_WARN_ABOUT_RETURN_TYPE = YES_ERROR;
				GCC_WARN_UNDECLARED_SELECTOR = YES;
				GCC_WARN_UNINITIALIZED_AUTOS = YES_AGGRESSIVE;
				GCC_WARN_UNUSED_FUNCTION = YES;
				GCC_WARN_UNUSED_VARIABLE = YES;
				IPHONEOS_DEPLOYMENT_TARGET = 11.1;
				MTL_ENABLE_DEBUG_INFO = NO;
				SDKROOT = iphoneos;
				SWIFT_OPTIMIZATION_LEVEL = "-Owholemodule";
				VALIDATE_PRODUCT = YES;
			};
			name = Release;
		};
		FCBCFBD01FB90F89008B16CB /* Debug */ = {
			isa = XCBuildConfiguration;
			buildSettings = {
				ASSETCATALOG_COMPILER_APPICON_NAME = AppIcon;
				CODE_SIGN_STYLE = Automatic;
				DEVELOPMENT_TEAM = 9VA7X7C8S8;
				INFOPLIST_FILE = "i'm RichIOS/Info.plist";
				LD_RUNPATH_SEARCH_PATHS = "$(inherited) @executable_path/Frameworks";
				PRODUCT_BUNDLE_IDENTIFIER = "syggroup.i-m-RichIOS";
				PRODUCT_NAME = "$(TARGET_NAME)";
				SWIFT_VERSION = 4.0;
				TARGETED_DEVICE_FAMILY = "1,2";
			};
			name = Debug;
		};
		FCBCFBD11FB90F89008B16CB /* Release */ = {
			isa = XCBuildConfiguration;
			buildSettings = {
				ASSETCATALOG_COMPILER_APPICON_NAME = AppIcon;
				CODE_SIGN_STYLE = Automatic;
				DEVELOPMENT_TEAM = 9VA7X7C8S8;
				INFOPLIST_FILE = "i'm RichIOS/Info.plist";
				LD_RUNPATH_SEARCH_PATHS = "$(inherited) @executable_path/Frameworks";
				PRODUCT_BUNDLE_IDENTIFIER = "syggroup.i-m-RichIOS";
				PRODUCT_NAME = "$(TARGET_NAME)";
				SWIFT_VERSION = 4.0;
				TARGETED_DEVICE_FAMILY = "1,2";
			};
			name = Release;
		};
/* End XCBuildConfiguration section */

/* Begin XCConfigurationList section */
		FCBCFBB81FB90F89008B16CB /* Build configuration list for PBXProject "i'm RichIOS" */ = {
			isa = XCConfigurationList;
			buildConfigurations = (
				FCBCFBCD1FB90F89008B16CB /* Debug */,
				FCBCFBCE1FB90F89008B16CB /* Release */,
			);
			defaultConfigurationIsVisible = 0;
			defaultConfigurationName = Release;
		};
		FCBCFBCF1FB90F89008B16CB /* Build configuration list for PBXNativeTarget "i'm RichIOS" */ = {
			isa = XCConfigurationList;
			buildConfigurations = (
				FCBCFBD01FB90F89008B16CB /* Debug */,
				FCBCFBD11FB90F89008B16CB /* Release */,
			);
			defaultConfigurationIsVisible = 0;
			defaultConfigurationName = Release;
		};
/* End XCConfigurationList section */
	};
	rootObject = FCBCFBB51FB90F89008B16CB /* Project object */;
}
